
Microsoft Visual Studio Solution File, Format Version 12.00
# Visual Studio 15
VisualStudioVersion = 15.0.28307.572
MinimumVisualStudioVersion = 10.0.40219.1
Project("{FAE04EC0-301F-11D3-BF4B-00C04F79EFBC}") = "APP", "APP\APP.csproj", "{611C88FD-3C7C-4F6E-AC2C-13FEF531432F}"
EndProject
Global
	GlobalSection(SolutionConfigurationPlatforms) = preSolution
		Debug|Any CPU = Debug|Any CPU
		Release|Any CPU = Release|Any CPU
	EndGlobalSection
	GlobalSection(ProjectConfigurationPlatforms) = postSolution
		{611C88FD-3C7C-4F6E-AC2C-13FEF531432F}.Debug|Any CPU.ActiveCfg = Debug|Any CPU
		{611C88FD-3C7C-4F6E-AC2C-13FEF531432F}.Debug|Any CPU.Build.0 = Debug|Any CPU
		{611C88FD-3C7C-4F6E-AC2C-13FEF531432F}.Release|Any CPU.ActiveCfg = Release|Any CPU
		{611C88FD-3C7C-4F6E-AC2C-13FEF531432F}.Release|Any CPU.Build.0 = Release|Any CPU
	EndGlobalSection
	GlobalSection(SolutionProperties) = preSolution
		HideSolutionNode = FALSE
	EndGlobalSection
	GlobalSection(ExtensibilityGlobals) = postSolution
		SolutionGuid = {5C0F1C68-EB3E-4FE9-B185-F0D50D39E374}
	EndGlobalSection
EndGlobal
